
Microsoft Visual Studio Solution File, Format Version 12.00
# Visual Studio Version 17
VisualStudioVersion = 17.3.32929.385
MinimumVisualStudioVersion = 10.0.40219.1
Project("{FAE04EC0-301F-11D3-BF4B-00C04F79EFBC}") = "ArzEdit.Service", "ArzEdit.Service\ArzEdit.Service.csproj", "{B332D039-25C7-476A-8718-A0905D8CE2F5}"
EndProject
Project("{9A19103F-16F7-4668-BE54-9A1E7A4F7556}") = "ArzEdit.Console", "ArzEdit.Console\ArzEdit.Console.csproj", "{1655F8D6-0D61-4147-BD1C-8A5F0A2A2EB3}"
EndProject
Global
	GlobalSection(SolutionConfigurationPlatforms) = preSolution
		Debug|Any CPU = Debug|Any CPU
		Release|Any CPU = Release|Any CPU
	EndGlobalSection
	GlobalSection(ProjectConfigurationPlatforms) = postSolution
		{B332D039-25C7-476A-8718-A0905D8CE2F5}.Debug|Any CPU.ActiveCfg = Debug|Any CPU
		{B332D039-25C7-476A-8718-A0905D8CE2F5}.Debug|Any CPU.Build.0 = Debug|Any CPU
		{B332D039-25C7-476A-8718-A0905D8CE2F5}.Release|Any CPU.ActiveCfg = Release|Any CPU
		{B332D039-25C7-476A-8718-A0905D8CE2F5}.Release|Any CPU.Build.0 = Release|Any CPU
		{1655F8D6-0D61-4147-BD1C-8A5F0A2A2EB3}.Debug|Any CPU.ActiveCfg = Debug|Any CPU
		{1655F8D6-0D61-4147-BD1C-8A5F0A2A2EB3}.Debug|Any CPU.Build.0 = Debug|Any CPU
		{1655F8D6-0D61-4147-BD1C-8A5F0A2A2EB3}.Release|Any CPU.ActiveCfg = Release|Any CPU
		{1655F8D6-0D61-4147-BD1C-8A5F0A2A2EB3}.Release|Any CPU.Build.0 = Release|Any CPU
	EndGlobalSection
	GlobalSection(SolutionProperties) = preSolution
		HideSolutionNode = FALSE
	EndGlobalSection
	GlobalSection(ExtensibilityGlobals) = postSolution
		SolutionGuid = {CB45931F-8A2B-40E7-9FD6-6600DFC003EF}
	EndGlobalSection
EndGlobal
